
Microsoft Visual Studio Solution File, Format Version 12.00
# Visual Studio Version 17
VisualStudioVersion = 17.5.33424.131
MinimumVisualStudioVersion = 10.0.40219.1
Project("{9A19103F-16F7-4668-BE54-9A1E7A4F7556}") = "SistemaDeVendas.BLL", "SistemaDeVendas.BLL\SistemaDeVendas.BLL.csproj", "{77A91E38-A201-4A2C-A403-55D8527EF749}"
EndProject
Project("{9A19103F-16F7-4668-BE54-9A1E7A4F7556}") = "SistemaDeVendas.Entity", "SistemaDeVendas.Entity\SistemaDeVendas.Entity.csproj", "{28C10526-19E9-4560-8D86-B373C2A338BD}"
EndProject
Project("{9A19103F-16F7-4668-BE54-9A1E7A4F7556}") = "SistemaDeVendas.IOC", "SistemaDeVendas.IOC\SistemaDeVendas.IOC.csproj", "{FD91403F-C01D-42DB-8AC4-943AC8967163}"
EndProject
Project("{9A19103F-16F7-4668-BE54-9A1E7A4F7556}") = "SistemaDeVendas.DAL", "SistemaDeVendas.DAL\SistemaDeVendas.DAL.csproj", "{D62C932E-6FD0-4F55-BF92-E5CC2CEF5335}"
EndProject
Project("{2150E333-8FDC-42A3-9474-1A3956D46DE8}") = "Solution Items", "Solution Items", "{B23E32EB-CAE3-4485-89C0-C8BFAF11705E}"
	ProjectSection(SolutionItems) = preProject
		Readme.md = Readme.md
	EndProjectSection
EndProject
Project("{FAE04EC0-301F-11D3-BF4B-00C04F79EFBC}") = "SistemaDeVendas.WEB", "SistemaDeVendas.WEB\SistemaDeVendas.WEB.csproj", "{E6773DB3-2B8A-4933-B6D3-75D36D39D39A}"
EndProject
Global
	GlobalSection(SolutionConfigurationPlatforms) = preSolution
		Debug|Any CPU = Debug|Any CPU
		Release|Any CPU = Release|Any CPU
	EndGlobalSection
	GlobalSection(ProjectConfigurationPlatforms) = postSolution
		{77A91E38-A201-4A2C-A403-55D8527EF749}.Debug|Any CPU.ActiveCfg = Debug|Any CPU
		{77A91E38-A201-4A2C-A403-55D8527EF749}.Debug|Any CPU.Build.0 = Debug|Any CPU
		{77A91E38-A201-4A2C-A403-55D8527EF749}.Release|Any CPU.ActiveCfg = Release|Any CPU
		{77A91E38-A201-4A2C-A403-55D8527EF749}.Release|Any CPU.Build.0 = Release|Any CPU
		{28C10526-19E9-4560-8D86-B373C2A338BD}.Debug|Any CPU.ActiveCfg = Debug|Any CPU
		{28C10526-19E9-4560-8D86-B373C2A338BD}.Debug|Any CPU.Build.0 = Debug|Any CPU
		{28C10526-19E9-4560-8D86-B373C2A338BD}.Release|Any CPU.ActiveCfg = Release|Any CPU
		{28C10526-19E9-4560-8D86-B373C2A338BD}.Release|Any CPU.Build.0 = Release|Any CPU
		{FD91403F-C01D-42DB-8AC4-943AC8967163}.Debug|Any CPU.ActiveCfg = Debug|Any CPU
		{FD91403F-C01D-42DB-8AC4-943AC8967163}.Debug|Any CPU.Build.0 = Debug|Any CPU
		{FD91403F-C01D-42DB-8AC4-943AC8967163}.Release|Any CPU.ActiveCfg = Release|Any CPU
		{FD91403F-C01D-42DB-8AC4-943AC8967163}.Release|Any CPU.Build.0 = Release|Any CPU
		{D62C932E-6FD0-4F55-BF92-E5CC2CEF5335}.Debug|Any CPU.ActiveCfg = Debug|Any CPU
		{D62C932E-6FD0-4F55-BF92-E5CC2CEF5335}.Debug|Any CPU.Build.0 = Debug|Any CPU
		{D62C932E-6FD0-4F55-BF92-E5CC2CEF5335}.Release|Any CPU.ActiveCfg = Release|Any CPU
		{D62C932E-6FD0-4F55-BF92-E5CC2CEF5335}.Release|Any CPU.Build.0 = Release|Any CPU
		{E6773DB3-2B8A-4933-B6D3-75D36D39D39A}.Debug|Any CPU.ActiveCfg = Debug|Any CPU
		{E6773DB3-2B8A-4933-B6D3-75D36D39D39A}.Debug|Any CPU.Build.0 = Debug|Any CPU
		{E6773DB3-2B8A-4933-B6D3-75D36D39D39A}.Release|Any CPU.ActiveCfg = Release|Any CPU
		{E6773DB3-2B8A-4933-B6D3-75D36D39D39A}.Release|Any CPU.Build.0 = Release|Any CPU
	EndGlobalSection
	GlobalSection(SolutionProperties) = preSolution
		HideSolutionNode = FALSE
	EndGlobalSection
	GlobalSection(ExtensibilityGlobals) = postSolution
		SolutionGuid = {1721D6F4-17A7-4553-93A9-F769131700B7}
	EndGlobalSection
EndGlobal
